
Microsoft Visual Studio Solution File, Format Version 12.00
# Visual Studio 15
VisualStudioVersion = 15.0.28307.489
MinimumVisualStudioVersion = 10.0.40219.1
Project("{FAE04EC0-301F-11D3-BF4B-00C04F79EFBC}") = "ShelltestApp.Android", "ShelltestApp\ShelltestApp.Android\ShelltestApp.Android.csproj", "{FC411CFC-85F0-4B24-8ADA-DEDFA2BC02ED}"
EndProject
Project("{FAE04EC0-301F-11D3-BF4B-00C04F79EFBC}") = "ShelltestApp.iOS", "ShelltestApp\ShelltestApp.iOS\ShelltestApp.iOS.csproj", "{715F5A0F-CAB1-4D30-A93D-20B57F6E1704}"
EndProject
Project("{FAE04EC0-301F-11D3-BF4B-00C04F79EFBC}") = "ShelltestApp.UWP", "ShelltestApp\ShelltestApp.UWP\ShelltestApp.UWP.csproj", "{AFE64CC2-0226-4F89-9EAF-FBFC804CAD18}"
EndProject
Project("{FAE04EC0-301F-11D3-BF4B-00C04F79EFBC}") = "ShelltestApp", "ShelltestApp\ShelltestApp\ShelltestApp.csproj", "{719E22ED-79B4-4DDD-8270-2428DCB0B853}"
EndProject
Global
	GlobalSection(SolutionConfigurationPlatforms) = preSolution
		Ad-Hoc|Any CPU = Ad-Hoc|Any CPU
		Ad-Hoc|ARM = Ad-Hoc|ARM
		Ad-Hoc|iPhone = Ad-Hoc|iPhone
		Ad-Hoc|iPhoneSimulator = Ad-Hoc|iPhoneSimulator
		Ad-Hoc|x64 = Ad-Hoc|x64
		Ad-Hoc|x86 = Ad-Hoc|x86
		AppStore|Any CPU = AppStore|Any CPU
		AppStore|ARM = AppStore|ARM
		AppStore|iPhone = AppStore|iPhone
		AppStore|iPhoneSimulator = AppStore|iPhoneSimulator
		AppStore|x64 = AppStore|x64
		AppStore|x86 = AppStore|x86
		Debug|Any CPU = Debug|Any CPU
		Debug|ARM = Debug|ARM
		Debug|iPhone = Debug|iPhone
		Debug|iPhoneSimulator = Debug|iPhoneSimulator
		Debug|x64 = Debug|x64
		Debug|x86 = Debug|x86
		Release|Any CPU = Release|Any CPU
		Release|ARM = Release|ARM
		Release|iPhone = Release|iPhone
		Release|iPhoneSimulator = Release|iPhoneSimulator
		Release|x64 = Release|x64
		Release|x86 = Release|x86
	EndGlobalSection
	GlobalSection(ProjectConfigurationPlatforms) = postSolution
		{FC411CFC-85F0-4B24-8ADA-DEDFA2BC02ED}.Ad-Hoc|Any CPU.ActiveCfg = Release|Any CPU
		{FC411CFC-85F0-4B24-8ADA-DEDFA2BC02ED}.Ad-Hoc|Any CPU.Build.0 = Release|Any CPU
		{FC411CFC-85F0-4B24-8ADA-DEDFA2BC02ED}.Ad-Hoc|Any CPU.Deploy.0 = Release|Any CPU
		{FC411CFC-85F0-4B24-8ADA-DEDFA2BC02ED}.Ad-Hoc|ARM.ActiveCfg = Release|Any CPU
		{FC411CFC-85F0-4B24-8ADA-DEDFA2BC02ED}.Ad-Hoc|ARM.Build.0 = Release|Any CPU
		{FC411CFC-85F0-4B24-8ADA-DEDFA2BC02ED}.Ad-Hoc|ARM.Deploy.0 = Release|Any CPU
		{FC411CFC-85F0-4B24-8ADA-DEDFA2BC02ED}.Ad-Hoc|iPhone.ActiveCfg = Release|Any CPU
		{FC411CFC-85F0-4B24-8ADA-DEDFA2BC02ED}.Ad-Hoc|iPhone.Build.0 = Release|Any CPU
		{FC411CFC-85F0-4B24-8ADA-DEDFA2BC02ED}.Ad-Hoc|iPhone.Deploy.0 = Release|Any CPU
		{FC411CFC-85F0-4B24-8ADA-DEDFA2BC02ED}.Ad-Hoc|iPhoneSimulator.ActiveCfg = Release|Any CPU
		{FC411CFC-85F0-4B24-8ADA-DEDFA2BC02ED}.Ad-Hoc|iPhoneSimulator.Build.0 = Release|Any CPU
		{FC411CFC-85F0-4B24-8ADA-DEDFA2BC02ED}.Ad-Hoc|iPhoneSimulator.Deploy.0 = Release|Any CPU
		{FC411CFC-85F0-4B24-8ADA-DEDFA2BC02ED}.Ad-Hoc|x64.ActiveCfg = Release|Any CPU
		{FC411CFC-85F0-4B24-8ADA-DEDFA2BC02ED}.Ad-Hoc|x64.Build.0 = Release|Any CPU
		{FC411CFC-85F0-4B24-8ADA-DEDFA2BC02ED}.Ad-Hoc|x64.Deploy.0 = Release|Any CPU
		{FC411CFC-85F0-4B24-8ADA-DEDFA2BC02ED}.Ad-Hoc|x86.ActiveCfg = Release|Any CPU
		{FC411CFC-85F0-4B24-8ADA-DEDFA2BC02ED}.Ad-Hoc|x86.Build.0 = Release|Any CPU
		{FC411CFC-85F0-4B24-8ADA-DEDFA2BC02ED}.Ad-Hoc|x86.Deploy.0 = Release|Any CPU
		{FC411CFC-85F0-4B24-8ADA-DEDFA2BC02ED}.AppStore|Any CPU.ActiveCfg = Release|Any CPU
		{FC411CFC-85F0-4B24-8ADA-DEDFA2BC02ED}.AppStore|Any CPU.Build.0 = Release|Any CPU
		{FC411CFC-85F0-4B24-8ADA-DEDFA2BC02ED}.AppStore|Any CPU.Deploy.0 = Release|Any CPU
		{FC411CFC-85F0-4B24-8ADA-DEDFA2BC02ED}.AppStore|ARM.ActiveCfg = Release|Any CPU
		{FC411CFC-85F0-4B24-8ADA-DEDFA2BC02ED}.AppStore|ARM.Build.0 = Release|Any CPU
		{FC411CFC-85F0-4B24-8ADA-DEDFA2BC02ED}.AppStore|ARM.Deploy.0 = Release|Any CPU
		{FC411CFC-85F0-4B24-8ADA-DEDFA2BC02ED}.AppStore|iPhone.ActiveCfg = Release|Any CPU
		{FC411CFC-85F0-4B24-8ADA-DEDFA2BC02ED}.AppStore|iPhone.Build.0 = Release|Any CPU
		{FC411CFC-85F0-4B24-8ADA-DEDFA2BC02ED}.AppStore|iPhone.Deploy.0 = Release|Any CPU
		{FC411CFC-85F0-4B24-8ADA-DEDFA2BC02ED}.AppStore|iPhoneSimulator.ActiveCfg = Release|Any CPU
		{FC411CFC-85F0-4B24-8ADA-DEDFA2BC02ED}.AppStore|iPhoneSimulator.Build.0 = Release|Any CPU
		{FC411CFC-85F0-4B24-8ADA-DEDFA2BC02ED}.AppStore|iPhoneSimulator.Deploy.0 = Release|Any CPU
		{FC411CFC-85F0-4B24-8ADA-DEDFA2BC02ED}.AppStore|x64.ActiveCfg = Release|Any CPU
		{FC411CFC-85F0-4B24-8ADA-DEDFA2BC02ED}.AppStore|x64.Build.0 = Release|Any CPU
		{FC411CFC-85F0-4B24-8ADA-DEDFA2BC02ED}.AppStore|x64.Deploy.0 = Release|Any CPU
		{FC411CFC-85F0-4B24-8ADA-DEDFA2BC02ED}.AppStore|x86.ActiveCfg = Release|Any CPU
		{FC411CFC-85F0-4B24-8ADA-DEDFA2BC02ED}.AppStore|x86.Build.0 = Release|Any CPU
		{FC411CFC-85F0-4B24-8ADA-DEDFA2BC02ED}.AppStore|x86.Deploy.0 = Release|Any CPU
		{FC411CFC-85F0-4B24-8ADA-DEDFA2BC02ED}.Debug|Any CPU.ActiveCfg = Debug|Any CPU
		{FC411CFC-85F0-4B24-8ADA-DEDFA2BC02ED}.Debug|Any CPU.Build.0 = Debug|Any CPU
		{FC411CFC-85F0-4B24-8ADA-DEDFA2BC02ED}.Debug|Any CPU.Deploy.0 = Debug|Any CPU
		{FC411CFC-85F0-4B24-8ADA-DEDFA2BC02ED}.Debug|ARM.ActiveCfg = Debug|Any CPU
		{FC411CFC-85F0-4B24-8ADA-DEDFA2BC02ED}.Debug|ARM.Build.0 = Debug|Any CPU
		{FC411CFC-85F0-4B24-8ADA-DEDFA2BC02ED}.Debug|ARM.Deploy.0 = Debug|Any CPU
		{FC411CFC-85F0-4B24-8ADA-DEDFA2BC02ED}.Debug|iPhone.ActiveCfg = Debug|Any CPU
		{FC411CFC-85F0-4B24-8ADA-DEDFA2BC02ED}.Debug|iPhone.Build.0 = Debug|Any CPU
		{FC411CFC-85F0-4B24-8ADA-DEDFA2BC02ED}.Debug|iPhone.Deploy.0 = Debug|Any CPU
		{FC411CFC-85F0-4B24-8ADA-DEDFA2BC02ED}.Debug|iPhoneSimulator.ActiveCfg = Debug|Any CPU
		{FC411CFC-85F0-4B24-8ADA-DEDFA2BC02ED}.Debug|iPhoneSimulator.Build.0 = Debug|Any CPU
		{FC411CFC-85F0-4B24-8ADA-DEDFA2BC02ED}.Debug|iPhoneSimulator.Deploy.0 = Debug|Any CPU
		{FC411CFC-85F0-4B24-8ADA-DEDFA2BC02ED}.Debug|x64.ActiveCfg = Debug|Any CPU
		{FC411CFC-85F0-4B24-8ADA-DEDFA2BC02ED}.Debug|x64.Build.0 = Debug|Any CPU
		{FC411CFC-85F0-4B24-8ADA-DEDFA2BC02ED}.Debug|x64.Deploy.0 = Debug|Any CPU
		{FC411CFC-85F0-4B24-8ADA-DEDFA2BC02ED}.Debug|x86.ActiveCfg = Debug|Any CPU
		{FC411CFC-85F0-4B24-8ADA-DEDFA2BC02ED}.Debug|x86.Build.0 = Debug|Any CPU
		{FC411CFC-85F0-4B24-8ADA-DEDFA2BC02ED}.Debug|x86.Deploy.0 = Debug|Any CPU
		{FC411CFC-85F0-4B24-8ADA-DEDFA2BC02ED}.Release|Any CPU.ActiveCfg = Release|Any CPU
		{FC411CFC-85F0-4B24-8ADA-DEDFA2BC02ED}.Release|Any CPU.Build.0 = Release|Any CPU
		{FC411CFC-85F0-4B24-8ADA-DEDFA2BC02ED}.Release|Any CPU.Deploy.0 = Release|Any CPU
		{FC411CFC-85F0-4B24-8ADA-DEDFA2BC02ED}.Release|ARM.ActiveCfg = Release|Any CPU
		{FC411CFC-85F0-4B24-8ADA-DEDFA2BC02ED}.Release|ARM.Build.0 = Release|Any CPU
		{FC411CFC-85F0-4B24-8ADA-DEDFA2BC02ED}.Release|ARM.Deploy.0 = Release|Any CPU
		{FC411CFC-85F0-4B24-8ADA-DEDFA2BC02ED}.Release|iPhone.ActiveCfg = Release|Any CPU
		{FC411CFC-85F0-4B24-8ADA-DEDFA2BC02ED}.Release|iPhone.Build.0 = Release|Any CPU
		{FC411CFC-85F0-4B24-8ADA-DEDFA2BC02ED}.Release|iPhone.Deploy.0 = Release|Any CPU
		{FC411CFC-85F0-4B24-8ADA-DEDFA2BC02ED}.Release|iPhoneSimulator.ActiveCfg = Release|Any CPU
		{FC411CFC-85F0-4B24-8ADA-DEDFA2BC02ED}.Release|iPhoneSimulator.Build.0 = Release|Any CPU
		{FC411CFC-85F0-4B24-8ADA-DEDFA2BC02ED}.Release|iPhoneSimulator.Deploy.0 = Release|Any CPU
		{FC411CFC-85F0-4B24-8ADA-DEDFA2BC02ED}.Release|x64.ActiveCfg = Release|Any CPU
		{FC411CFC-85F0-4B24-8ADA-DEDFA2BC02ED}.Release|x64.Build.0 = Release|Any CPU
		{FC411CFC-85F0-4B24-8ADA-DEDFA2BC02ED}.Release|x64.Deploy.0 = Release|Any CPU
		{FC411CFC-85F0-4B24-8ADA-DEDFA2BC02ED}.Release|x86.ActiveCfg = Release|Any CPU
		{FC411CFC-85F0-4B24-8ADA-DEDFA2BC02ED}.Release|x86.Build.0 = Release|Any CPU
		{FC411CFC-85F0-4B24-8ADA-DEDFA2BC02ED}.Release|x86.Deploy.0 = Release|Any CPU
		{715F5A0F-CAB1-4D30-A93D-20B57F6E1704}.Ad-Hoc|Any CPU.ActiveCfg = Ad-Hoc|iPhone
		{715F5A0F-CAB1-4D30-A93D-20B57F6E1704}.Ad-Hoc|Any CPU.Build.0 = Ad-Hoc|iPhone
		{715F5A0F-CAB1-4D30-A93D-20B57F6E1704}.Ad-Hoc|Any CPU.Deploy.0 = Ad-Hoc|iPhone
		{715F5A0F-CAB1-4D30-A93D-20B57F6E1704}.Ad-Hoc|ARM.ActiveCfg = Ad-Hoc|iPhone
		{715F5A0F-CAB1-4D30-A93D-20B57F6E1704}.Ad-Hoc|ARM.Build.0 = Ad-Hoc|iPhone
		{715F5A0F-CAB1-4D30-A93D-20B57F6E1704}.Ad-Hoc|ARM.Deploy.0 = Ad-Hoc|iPhone
		{715F5A0F-CAB1-4D30-A93D-20B57F6E1704}.Ad-Hoc|iPhone.ActiveCfg = Ad-Hoc|iPhone
		{715F5A0F-CAB1-4D30-A93D-20B57F6E1704}.Ad-Hoc|iPhone.Build.0 = Ad-Hoc|iPhone
		{715F5A0F-CAB1-4D30-A93D-20B57F6E1704}.Ad-Hoc|iPhone.Deploy.0 = Ad-Hoc|iPhone
		{715F5A0F-CAB1-4D30-A93D-20B57F6E1704}.Ad-Hoc|iPhoneSimulator.ActiveCfg = Ad-Hoc|iPhoneSimulator
		{715F5A0F-CAB1-4D30-A93D-20B57F6E1704}.Ad-Hoc|iPhoneSimulator.Build.0 = Ad-Hoc|iPhoneSimulator
		{715F5A0F-CAB1-4D30-A93D-20B57F6E1704}.Ad-Hoc|iPhoneSimulator.Deploy.0 = Ad-Hoc|iPhoneSimulator
		{715F5A0F-CAB1-4D30-A93D-20B57F6E1704}.Ad-Hoc|x64.ActiveCfg = Ad-Hoc|iPhone
		{715F5A0F-CAB1-4D30-A93D-20B57F6E1704}.Ad-Hoc|x64.Build.0 = Ad-Hoc|iPhone
		{715F5A0F-CAB1-4D30-A93D-20B57F6E1704}.Ad-Hoc|x64.Deploy.0 = Ad-Hoc|iPhone
		{715F5A0F-CAB1-4D30-A93D-20B57F6E1704}.Ad-Hoc|x86.ActiveCfg = Ad-Hoc|iPhone
		{715F5A0F-CAB1-4D30-A93D-20B57F6E1704}.Ad-Hoc|x86.Build.0 = Ad-Hoc|iPhone
		{715F5A0F-CAB1-4D30-A93D-20B57F6E1704}.Ad-Hoc|x86.Deploy.0 = Ad-Hoc|iPhone
		{715F5A0F-CAB1-4D30-A93D-20B57F6E1704}.AppStore|Any CPU.ActiveCfg = AppStore|iPhone
		{715F5A0F-CAB1-4D30-A93D-20B57F6E1704}.AppStore|Any CPU.Build.0 = AppStore|iPhone
		{715F5A0F-CAB1-4D30-A93D-20B57F6E1704}.AppStore|Any CPU.Deploy.0 = AppStore|iPhone
		{715F5A0F-CAB1-4D30-A93D-20B57F6E1704}.AppStore|ARM.ActiveCfg = AppStore|iPhone
		{715F5A0F-CAB1-4D30-A93D-20B57F6E1704}.AppStore|ARM.Build.0 = AppStore|iPhone
		{715F5A0F-CAB1-4D30-A93D-20B57F6E1704}.AppStore|ARM.Deploy.0 = AppStore|iPhone
		{715F5A0F-CAB1-4D30-A93D-20B57F6E1704}.AppStore|iPhone.ActiveCfg = AppStore|iPhone
		{715F5A0F-CAB1-4D30-A93D-20B57F6E1704}.AppStore|iPhone.Build.0 = AppStore|iPhone
		{715F5A0F-CAB1-4D30-A93D-20B57F6E1704}.AppStore|iPhone.Deploy.0 = AppStore|iPhone
		{715F5A0F-CAB1-4D30-A93D-20B57F6E1704}.AppStore|iPhoneSimulator.ActiveCfg = AppStore|iPhoneSimulator
		{715F5A0F-CAB1-4D30-A93D-20B57F6E1704}.AppStore|iPhoneSimulator.Build.0 = AppStore|iPhoneSimulator
		{715F5A0F-CAB1-4D30-A93D-20B57F6E1704}.AppStore|iPhoneSimulator.Deploy.0 = AppStore|iPhoneSimulator
		{715F5A0F-CAB1-4D30-A93D-20B57F6E1704}.AppStore|x64.ActiveCfg = AppStore|iPhone
		{715F5A0F-CAB1-4D30-A93D-20B57F6E1704}.AppStore|x64.Build.0 = AppStore|iPhone
		{715F5A0F-CAB1-4D30-A93D-20B57F6E1704}.AppStore|x64.Deploy.0 = AppStore|iPhone
		{715F5A0F-CAB1-4D30-A93D-20B57F6E1704}.AppStore|x86.ActiveCfg = AppStore|iPhone
		{715F5A0F-CAB1-4D30-A93D-20B57F6E1704}.AppStore|x86.Build.0 = AppStore|iPhone
		{715F5A0F-CAB1-4D30-A93D-20B57F6E1704}.AppStore|x86.Deploy.0 = AppStore|iPhone
		{715F5A0F-CAB1-4D30-A93D-20B57F6E1704}.Debug|Any CPU.ActiveCfg = Debug|iPhoneSimulator
		{715F5A0F-CAB1-4D30-A93D-20B57F6E1704}.Debug|Any CPU.Build.0 = Debug|iPhoneSimulator
		{715F5A0F-CAB1-4D30-A93D-20B57F6E1704}.Debug|Any CPU.Deploy.0 = Debug|iPhoneSimulator
		{715F5A0F-CAB1-4D30-A93D-20B57F6E1704}.Debug|ARM.ActiveCfg = Debug|iPhone
		{715F5A0F-CAB1-4D30-A93D-20B57F6E1704}.Debug|ARM.Build.0 = Debug|iPhone
		{715F5A0F-CAB1-4D30-A93D-20B57F6E1704}.Debug|ARM.Deploy.0 = Debug|iPhone
		{715F5A0F-CAB1-4D30-A93D-20B57F6E1704}.Debug|iPhone.ActiveCfg = Debug|iPhone
		{715F5A0F-CAB1-4D30-A93D-20B57F6E1704}.Debug|iPhone.Build.0 = Debug|iPhone
		{715F5A0F-CAB1-4D30-A93D-20B57F6E1704}.Debug|iPhone.Deploy.0 = Debug|iPhone
		{715F5A0F-CAB1-4D30-A93D-20B57F6E1704}.Debug|iPhoneSimulator.ActiveCfg = Debug|iPhoneSimulator
		{715F5A0F-CAB1-4D30-A93D-20B57F6E1704}.Debug|iPhoneSimulator.Build.0 = Debug|iPhoneSimulator
		{715F5A0F-CAB1-4D30-A93D-20B57F6E1704}.Debug|iPhoneSimulator.Deploy.0 = Debug|iPhoneSimulator
		{715F5A0F-CAB1-4D30-A93D-20B57F6E1704}.Debug|x64.ActiveCfg = Debug|iPhone
		{715F5A0F-CAB1-4D30-A93D-20B57F6E1704}.Debug|x64.Build.0 = Debug|iPhone
		{715F5A0F-CAB1-4D30-A93D-20B57F6E1704}.Debug|x64.Deploy.0 = Debug|iPhone
		{715F5A0F-CAB1-4D30-A93D-20B57F6E1704}.Debug|x86.ActiveCfg = Debug|iPhone
		{715F5A0F-CAB1-4D30-A93D-20B57F6E1704}.Debug|x86.Build.0 = Debug|iPhone
		{715F5A0F-CAB1-4D30-A93D-20B57F6E1704}.Debug|x86.Deploy.0 = Debug|iPhone
		{715F5A0F-CAB1-4D30-A93D-20B57F6E1704}.Release|Any CPU.ActiveCfg = Release|iPhone
		{715F5A0F-CAB1-4D30-A93D-20B57F6E1704}.Release|Any CPU.Build.0 = Release|iPhone
		{715F5A0F-CAB1-4D30-A93D-20B57F6E1704}.Release|Any CPU.Deploy.0 = Release|iPhone
		{715F5A0F-CAB1-4D30-A93D-20B57F6E1704}.Release|ARM.ActiveCfg = Release|iPhone
		{715F5A0F-CAB1-4D30-A93D-20B57F6E1704}.Release|ARM.Build.0 = Release|iPhone
		{715F5A0F-CAB1-4D30-A93D-20B57F6E1704}.Release|ARM.Deploy.0 = Release|iPhone
		{715F5A0F-CAB1-4D30-A93D-20B57F6E1704}.Release|iPhone.ActiveCfg = Release|iPhone
		{715F5A0F-CAB1-4D30-A93D-20B57F6E1704}.Release|iPhone.Build.0 = Release|iPhone
		{715F5A0F-CAB1-4D30-A93D-20B57F6E1704}.Release|iPhone.Deploy.0 = Release|iPhone
		{715F5A0F-CAB1-4D30-A93D-20B57F6E1704}.Release|iPhoneSimulator.ActiveCfg = Release|iPhoneSimulator
		{715F5A0F-CAB1-4D30-A93D-20B57F6E1704}.Release|iPhoneSimulator.Build.0 = Release|iPhoneSimulator
		{715F5A0F-CAB1-4D30-A93D-20B57F6E1704}.Release|iPhoneSimulator.Deploy.0 = Release|iPhoneSimulator
		{715F5A0F-CAB1-4D30-A93D-20B57F6E1704}.Release|x64.ActiveCfg = Release|iPhone
		{715F5A0F-CAB1-4D30-A93D-20B57F6E1704}.Release|x64.Build.0 = Release|iPhone
		{715F5A0F-CAB1-4D30-A93D-20B57F6E1704}.Release|x64.Deploy.0 = Release|iPhone
		{715F5A0F-CAB1-4D30-A93D-20B57F6E1704}.Release|x86.ActiveCfg = Release|iPhone
		{715F5A0F-CAB1-4D30-A93D-20B57F6E1704}.Release|x86.Build.0 = Release|iPhone
		{715F5A0F-CAB1-4D30-A93D-20B57F6E1704}.Release|x86.Deploy.0 = Release|iPhone
		{AFE64CC2-0226-4F89-9EAF-FBFC804CAD18}.Ad-Hoc|Any CPU.ActiveCfg = Release|x86
		{AFE64CC2-0226-4F89-9EAF-FBFC804CAD18}.Ad-Hoc|Any CPU.Build.0 = Release|x86
		{AFE64CC2-0226-4F89-9EAF-FBFC804CAD18}.Ad-Hoc|Any CPU.Deploy.0 = Release|x86
		{AFE64CC2-0226-4F89-9EAF-FBFC804CAD18}.Ad-Hoc|ARM.ActiveCfg = Release|ARM
		{AFE64CC2-0226-4F89-9EAF-FBFC804CAD18}.Ad-Hoc|ARM.Build.0 = Release|ARM
		{AFE64CC2-0226-4F89-9EAF-FBFC804CAD18}.Ad-Hoc|ARM.Deploy.0 = Release|ARM
		{AFE64CC2-0226-4F89-9EAF-FBFC804CAD18}.Ad-Hoc|iPhone.ActiveCfg = Release|x86
		{AFE64CC2-0226-4F89-9EAF-FBFC804CAD18}.Ad-Hoc|iPhone.Build.0 = Release|x86
		{AFE64CC2-0226-4F89-9EAF-FBFC804CAD18}.Ad-Hoc|iPhone.Deploy.0 = Release|x86
		{AFE64CC2-0226-4F89-9EAF-FBFC804CAD18}.Ad-Hoc|iPhoneSimulator.ActiveCfg = Release|x86
		{AFE64CC2-0226-4F89-9EAF-FBFC804CAD18}.Ad-Hoc|iPhoneSimulator.Build.0 = Release|x86
		{AFE64CC2-0226-4F89-9EAF-FBFC804CAD18}.Ad-Hoc|iPhoneSimulator.Deploy.0 = Release|x86
		{AFE64CC2-0226-4F89-9EAF-FBFC804CAD18}.Ad-Hoc|x64.ActiveCfg = Release|x64
		{AFE64CC2-0226-4F89-9EAF-FBFC804CAD18}.Ad-Hoc|x64.Build.0 = Release|x64
		{AFE64CC2-0226-4F89-9EAF-FBFC804CAD18}.Ad-Hoc|x64.Deploy.0 = Release|x64
		{AFE64CC2-0226-4F89-9EAF-FBFC804CAD18}.Ad-Hoc|x86.ActiveCfg = Release|x86
		{AFE64CC2-0226-4F89-9EAF-FBFC804CAD18}.Ad-Hoc|x86.Build.0 = Release|x86
		{AFE64CC2-0226-4F89-9EAF-FBFC804CAD18}.Ad-Hoc|x86.Deploy.0 = Release|x86
		{AFE64CC2-0226-4F89-9EAF-FBFC804CAD18}.AppStore|Any CPU.ActiveCfg = Release|x86
		{AFE64CC2-0226-4F89-9EAF-FBFC804CAD18}.AppStore|Any CPU.Build.0 = Release|x86
		{AFE64CC2-0226-4F89-9EAF-FBFC804CAD18}.AppStore|Any CPU.Deploy.0 = Release|x86
		{AFE64CC2-0226-4F89-9EAF-FBFC804CAD18}.AppStore|ARM.ActiveCfg = Release|ARM
		{AFE64CC2-0226-4F89-9EAF-FBFC804CAD18}.AppStore|ARM.Build.0 = Release|ARM
		{AFE64CC2-0226-4F89-9EAF-FBFC804CAD18}.AppStore|ARM.Deploy.0 = Release|ARM
		{AFE64CC2-0226-4F89-9EAF-FBFC804CAD18}.AppStore|iPhone.ActiveCfg = Release|x86
		{AFE64CC2-0226-4F89-9EAF-FBFC804CAD18}.AppStore|iPhone.Build.0 = Release|x86
		{AFE64CC2-0226-4F89-9EAF-FBFC804CAD18}.AppStore|iPhone.Deploy.0 = Release|x86
		{AFE64CC2-0226-4F89-9EAF-FBFC804CAD18}.AppStore|iPhoneSimulator.ActiveCfg = Release|x86
		{AFE64CC2-0226-4F89-9EAF-FBFC804CAD18}.AppStore|iPhoneSimulator.Build.0 = Release|x86
		{AFE64CC2-0226-4F89-9EAF-FBFC804CAD18}.AppStore|iPhoneSimulator.Deploy.0 = Release|x86
		{AFE64CC2-0226-4F89-9EAF-FBFC804CAD18}.AppStore|x64.ActiveCfg = Release|x64
		{AFE64CC2-0226-4F89-9EAF-FBFC804CAD18}.AppStore|x64.Build.0 = Release|x64
		{AFE64CC2-0226-4F89-9EAF-FBFC804CAD18}.AppStore|x64.Deploy.0 = Release|x64
		{AFE64CC2-0226-4F89-9EAF-FBFC804CAD18}.AppStore|x86.ActiveCfg = Release|x86
		{AFE64CC2-0226-4F89-9EAF-FBFC804CAD18}.AppStore|x86.Build.0 = Release|x86
		{AFE64CC2-0226-4F89-9EAF-FBFC804CAD18}.AppStore|x86.Deploy.0 = Release|x86
		{AFE64CC2-0226-4F89-9EAF-FBFC804CAD18}.Debug|Any CPU.ActiveCfg = Debug|x86
		{AFE64CC2-0226-4F89-9EAF-FBFC804CAD18}.Debug|Any CPU.Build.0 = Debug|x86
		{AFE64CC2-0226-4F89-9EAF-FBFC804CAD18}.Debug|Any CPU.Deploy.0 = Debug|x86
		{AFE64CC2-0226-4F89-9EAF-FBFC804CAD18}.Debug|ARM.ActiveCfg = Debug|ARM
		{AFE64CC2-0226-4F89-9EAF-FBFC804CAD18}.Debug|ARM.Build.0 = Debug|ARM
		{AFE64CC2-0226-4F89-9EAF-FBFC804CAD18}.Debug|ARM.Deploy.0 = Debug|ARM
		{AFE64CC2-0226-4F89-9EAF-FBFC804CAD18}.Debug|iPhone.ActiveCfg = Debug|x86
		{AFE64CC2-0226-4F89-9EAF-FBFC804CAD18}.Debug|iPhone.Build.0 = Debug|x86
		{AFE64CC2-0226-4F89-9EAF-FBFC804CAD18}.Debug|iPhone.Deploy.0 = Debug|x86
		{AFE64CC2-0226-4F89-9EAF-FBFC804CAD18}.Debug|iPhoneSimulator.ActiveCfg = Debug|x86
		{AFE64CC2-0226-4F89-9EAF-FBFC804CAD18}.Debug|iPhoneSimulator.Build.0 = Debug|x86
		{AFE64CC2-0226-4F89-9EAF-FBFC804CAD18}.Debug|iPhoneSimulator.Deploy.0 = Debug|x86
		{AFE64CC2-0226-4F89-9EAF-FBFC804CAD18}.Debug|x64.ActiveCfg = Debug|x64
		{AFE64CC2-0226-4F89-9EAF-FBFC804CAD18}.Debug|x64.Build.0 = Debug|x64
		{AFE64CC2-0226-4F89-9EAF-FBFC804CAD18}.Debug|x64.Deploy.0 = Debug|x64
		{AFE64CC2-0226-4F89-9EAF-FBFC804CAD18}.Debug|x86.ActiveCfg = Debug|x86
		{AFE64CC2-0226-4F89-9EAF-FBFC804CAD18}.Debug|x86.Build.0 = Debug|x86
		{AFE64CC2-0226-4F89-9EAF-FBFC804CAD18}.Debug|x86.Deploy.0 = Debug|x86
		{AFE64CC2-0226-4F89-9EAF-FBFC804CAD18}.Release|Any CPU.ActiveCfg = Release|x86
		{AFE64CC2-0226-4F89-9EAF-FBFC804CAD18}.Release|Any CPU.Build.0 = Release|x86
		{AFE64CC2-0226-4F89-9EAF-FBFC804CAD18}.Release|Any CPU.Deploy.0 = Release|x86
		{AFE64CC2-0226-4F89-9EAF-FBFC804CAD18}.Release|ARM.ActiveCfg = Release|ARM
		{AFE64CC2-0226-4F89-9EAF-FBFC804CAD18}.Release|ARM.Build.0 = Release|ARM
		{AFE64CC2-0226-4F89-9EAF-FBFC804CAD18}.Release|ARM.Deploy.0 = Release|ARM
		{AFE64CC2-0226-4F89-9EAF-FBFC804CAD18}.Release|iPhone.ActiveCfg = Release|x86
		{AFE64CC2-0226-4F89-9EAF-FBFC804CAD18}.Release|iPhone.Build.0 = Release|x86
		{AFE64CC2-0226-4F89-9EAF-FBFC804CAD18}.Release|iPhone.Deploy.0 = Release|x86
		{AFE64CC2-0226-4F89-9EAF-FBFC804CAD18}.Release|iPhoneSimulator.ActiveCfg = Release|x86
		{AFE64CC2-0226-4F89-9EAF-FBFC804CAD18}.Release|iPhoneSimulator.Build.0 = Release|x86
		{AFE64CC2-0226-4F89-9EAF-FBFC804CAD18}.Release|iPhoneSimulator.Deploy.0 = Release|x86
		{AFE64CC2-0226-4F89-9EAF-FBFC804CAD18}.Release|x64.ActiveCfg = Release|x64
		{AFE64CC2-0226-4F89-9EAF-FBFC804CAD18}.Release|x64.Build.0 = Release|x64
		{AFE64CC2-0226-4F89-9EAF-FBFC804CAD18}.Release|x64.Deploy.0 = Release|x64
		{AFE64CC2-0226-4F89-9EAF-FBFC804CAD18}.Release|x86.ActiveCfg = Release|x86
		{AFE64CC2-0226-4F89-9EAF-FBFC804CAD18}.Release|x86.Build.0 = Release|x86
		{AFE64CC2-0226-4F89-9EAF-FBFC804CAD18}.Release|x86.Deploy.0 = Release|x86
		{719E22ED-79B4-4DDD-8270-2428DCB0B853}.Ad-Hoc|Any CPU.ActiveCfg = Debug|Any CPU
		{719E22ED-79B4-4DDD-8270-2428DCB0B853}.Ad-Hoc|Any CPU.Build.0 = Debug|Any CPU
		{719E22ED-79B4-4DDD-8270-2428DCB0B853}.Ad-Hoc|Any CPU.Deploy.0 = Debug|Any CPU
		{719E22ED-79B4-4DDD-8270-2428DCB0B853}.Ad-Hoc|ARM.ActiveCfg = Debug|Any CPU
		{719E22ED-79B4-4DDD-8270-2428DCB0B853}.Ad-Hoc|ARM.Build.0 = Debug|Any CPU
		{719E22ED-79B4-4DDD-8270-2428DCB0B853}.Ad-Hoc|ARM.Deploy.0 = Debug|Any CPU
		{719E22ED-79B4-4DDD-8270-2428DCB0B853}.Ad-Hoc|iPhone.ActiveCfg = Debug|Any CPU
		{719E22ED-79B4-4DDD-8270-2428DCB0B853}.Ad-Hoc|iPhone.Build.0 = Debug|Any CPU
		{719E22ED-79B4-4DDD-8270-2428DCB0B853}.Ad-Hoc|iPhone.Deploy.0 = Debug|Any CPU
		{719E22ED-79B4-4DDD-8270-2428DCB0B853}.Ad-Hoc|iPhoneSimulator.ActiveCfg = Debug|Any CPU
		{719E22ED-79B4-4DDD-8270-2428DCB0B853}.Ad-Hoc|iPhoneSimulator.Build.0 = Debug|Any CPU
		{719E22ED-79B4-4DDD-8270-2428DCB0B853}.Ad-Hoc|iPhoneSimulator.Deploy.0 = Debug|Any CPU
		{719E22ED-79B4-4DDD-8270-2428DCB0B853}.Ad-Hoc|x64.ActiveCfg = Debug|Any CPU
		{719E22ED-79B4-4DDD-8270-2428DCB0B853}.Ad-Hoc|x64.Build.0 = Debug|Any CPU
		{719E22ED-79B4-4DDD-8270-2428DCB0B853}.Ad-Hoc|x64.Deploy.0 = Debug|Any CPU
		{719E22ED-79B4-4DDD-8270-2428DCB0B853}.Ad-Hoc|x86.ActiveCfg = Debug|Any CPU
		{719E22ED-79B4-4DDD-8270-2428DCB0B853}.Ad-Hoc|x86.Build.0 = Debug|Any CPU
		{719E22ED-79B4-4DDD-8270-2428DCB0B853}.Ad-Hoc|x86.Deploy.0 = Debug|Any CPU
		{719E22ED-79B4-4DDD-8270-2428DCB0B853}.AppStore|Any CPU.ActiveCfg = Debug|Any CPU
		{719E22ED-79B4-4DDD-8270-2428DCB0B853}.AppStore|Any CPU.Build.0 = Debug|Any CPU
		{719E22ED-79B4-4DDD-8270-2428DCB0B853}.AppStore|Any CPU.Deploy.0 = Debug|Any CPU
		{719E22ED-79B4-4DDD-8270-2428DCB0B853}.AppStore|ARM.ActiveCfg = Debug|Any CPU
		{719E22ED-79B4-4DDD-8270-2428DCB0B853}.AppStore|ARM.Build.0 = Debug|Any CPU
		{719E22ED-79B4-4DDD-8270-2428DCB0B853}.AppStore|ARM.Deploy.0 = Debug|Any CPU
		{719E22ED-79B4-4DDD-8270-2428DCB0B853}.AppStore|iPhone.ActiveCfg = Debug|Any CPU
		{719E22ED-79B4-4DDD-8270-2428DCB0B853}.AppStore|iPhone.Build.0 = Debug|Any CPU
		{719E22ED-79B4-4DDD-8270-2428DCB0B853}.AppStore|iPhone.Deploy.0 = Debug|Any CPU
		{719E22ED-79B4-4DDD-8270-2428DCB0B853}.AppStore|iPhoneSimulator.ActiveCfg = Debug|Any CPU
		{719E22ED-79B4-4DDD-8270-2428DCB0B853}.AppStore|iPhoneSimulator.Build.0 = Debug|Any CPU
		{719E22ED-79B4-4DDD-8270-2428DCB0B853}.AppStore|iPhoneSimulator.Deploy.0 = Debug|Any CPU
		{719E22ED-79B4-4DDD-8270-2428DCB0B853}.AppStore|x64.ActiveCfg = Debug|Any CPU
		{719E22ED-79B4-4DDD-8270-2428DCB0B853}.AppStore|x64.Build.0 = Debug|Any CPU
		{719E22ED-79B4-4DDD-8270-2428DCB0B853}.AppStore|x64.Deploy.0 = Debug|Any CPU
		{719E22ED-79B4-4DDD-8270-2428DCB0B853}.AppStore|x86.ActiveCfg = Debug|Any CPU
		{719E22ED-79B4-4DDD-8270-2428DCB0B853}.AppStore|x86.Build.0 = Debug|Any CPU
		{719E22ED-79B4-4DDD-8270-2428DCB0B853}.AppStore|x86.Deploy.0 = Debug|Any CPU
		{719E22ED-79B4-4DDD-8270-2428DCB0B853}.Debug|Any CPU.ActiveCfg = Debug|Any CPU
		{719E22ED-79B4-4DDD-8270-2428DCB0B853}.Debug|Any CPU.Build.0 = Debug|Any CPU
		{719E22ED-79B4-4DDD-8270-2428DCB0B853}.Debug|Any CPU.Deploy.0 = Debug|Any CPU
		{719E22ED-79B4-4DDD-8270-2428DCB0B853}.Debug|ARM.ActiveCfg = Debug|Any CPU
		{719E22ED-79B4-4DDD-8270-2428DCB0B853}.Debug|ARM.Build.0 = Debug|Any CPU
		{719E22ED-79B4-4DDD-8270-2428DCB0B853}.Debug|ARM.Deploy.0 = Debug|Any CPU
		{719E22ED-79B4-4DDD-8270-2428DCB0B853}.Debug|iPhone.ActiveCfg = Debug|Any CPU
		{719E22ED-79B4-4DDD-8270-2428DCB0B853}.Debug|iPhone.Build.0 = Debug|Any CPU
		{719E22ED-79B4-4DDD-8270-2428DCB0B853}.Debug|iPhone.Deploy.0 = Debug|Any CPU
		{719E22ED-79B4-4DDD-8270-2428DCB0B853}.Debug|iPhoneSimulator.ActiveCfg = Debug|Any CPU
		{719E22ED-79B4-4DDD-8270-2428DCB0B853}.Debug|iPhoneSimulator.Build.0 = Debug|Any CPU
		{719E22ED-79B4-4DDD-8270-2428DCB0B853}.Debug|iPhoneSimulator.Deploy.0 = Debug|Any CPU
		{719E22ED-79B4-4DDD-8270-2428DCB0B853}.Debug|x64.ActiveCfg = Debug|Any CPU
		{719E22ED-79B4-4DDD-8270-2428DCB0B853}.Debug|x64.Build.0 = Debug|Any CPU
		{719E22ED-79B4-4DDD-8270-2428DCB0B853}.Debug|x64.Deploy.0 = Debug|Any CPU
		{719E22ED-79B4-4DDD-8270-2428DCB0B853}.Debug|x86.ActiveCfg = Debug|Any CPU
		{719E22ED-79B4-4DDD-8270-2428DCB0B853}.Debug|x86.Build.0 = Debug|Any CPU
		{719E22ED-79B4-4DDD-8270-2428DCB0B853}.Debug|x86.Deploy.0 = Debug|Any CPU
		{719E22ED-79B4-4DDD-8270-2428DCB0B853}.Release|Any CPU.ActiveCfg = Release|Any CPU
		{719E22ED-79B4-4DDD-8270-2428DCB0B853}.Release|Any CPU.Build.0 = Release|Any CPU
		{719E22ED-79B4-4DDD-8270-2428DCB0B853}.Release|Any CPU.Deploy.0 = Release|Any CPU
		{719E22ED-79B4-4DDD-8270-2428DCB0B853}.Release|ARM.ActiveCfg = Release|Any CPU
		{719E22ED-79B4-4DDD-8270-2428DCB0B853}.Release|ARM.Build.0 = Release|Any CPU
		{719E22ED-79B4-4DDD-8270-2428DCB0B853}.Release|ARM.Deploy.0 = Release|Any CPU
		{719E22ED-79B4-4DDD-8270-2428DCB0B853}.Release|iPhone.ActiveCfg = Release|Any CPU
		{719E22ED-79B4-4DDD-8270-2428DCB0B853}.Release|iPhone.Build.0 = Release|Any CPU
		{719E22ED-79B4-4DDD-8270-2428DCB0B853}.Release|iPhone.Deploy.0 = Release|Any CPU
		{719E22ED-79B4-4DDD-8270-2428DCB0B853}.Release|iPhoneSimulator.ActiveCfg = Release|Any CPU
		{719E22ED-79B4-4DDD-8270-2428DCB0B853}.Release|iPhoneSimulator.Build.0 = Release|Any CPU
		{719E22ED-79B4-4DDD-8270-2428DCB0B853}.Release|iPhoneSimulator.Deploy.0 = Release|Any CPU
		{719E22ED-79B4-4DDD-8270-2428DCB0B853}.Release|x64.ActiveCfg = Release|Any CPU
		{719E22ED-79B4-4DDD-8270-2428DCB0B853}.Release|x64.Build.0 = Release|Any CPU
		{719E22ED-79B4-4DDD-8270-2428DCB0B853}.Release|x64.Deploy.0 = Release|Any CPU
		{719E22ED-79B4-4DDD-8270-2428DCB0B853}.Release|x86.ActiveCfg = Release|Any CPU
		{719E22ED-79B4-4DDD-8270-2428DCB0B853}.Release|x86.Build.0 = Release|Any CPU
		{719E22ED-79B4-4DDD-8270-2428DCB0B853}.Release|x86.Deploy.0 = Release|Any CPU
	EndGlobalSection
	GlobalSection(SolutionProperties) = preSolution
		HideSolutionNode = FALSE
	EndGlobalSection
	GlobalSection(ExtensibilityGlobals) = postSolution
		SolutionGuid = {239FF708-1A81-47FD-B751-E2EDE2CA23BD}
	EndGlobalSection
EndGlobal
